github.com/biter777/countries v1.7.5 h1:MJ+n3+rSxWQdqVJU8eBy9RqcdH6ePPn4PJHocVWUa+Q=
github.com/biter777/countries v1.7.5/go.mod h1:1HSpZ526mYqKJcpT5Ti1kcGQ0L0SrXWIaptUWjFfv2E=
github.com/creack/pty v1.1.9/go.mod h1:oKZEueFk5CKHvIhNR5MUki03XCEU+Q6VDXinZuGJ33E=
github.com/davecgh/go-spew v1.1.1 h1:vj9j/u1bqnvCEfJOwUhtlOARqs3+rkHYY13jYWTU97c=
github.com/davecgh/go-spew v1.1.1/go.mod h1:J7Y8YcW2NihsgmVo/mv3lAwl/skON4iLHjSsI+c5H38=
github.com/google/uuid v1.6.0 h1:NIvaJDMOsjHA8n1jAhLSgzrAzy1Hgr+hNrb57e+94F0=
github.com/google/uuid v1.6.0/go.mod h1:TIyPZe4MgqvfeYDBFedMoGGpEw/LqOeaOT+nhxU+yHo=
github.com/gorilla/websocket v1.5.3 h1:saDtZ6Pbx/0u+bgYQ3q96pZgCzfhKXGPqt7kZ72aNNg=
github.com/gorilla/websocket v1.5.3/go.mod h1:YR8l580nyteQvAITg2hZ9XVh4b55+EU/adAjf1fMHhE=
github.com/kr/pretty v0.1.0/go.mod h1:dAy3ld7l9f0ibDNOQOHHMYYIIbhfbHSm3C4ZsoJORNo=
github.com/kr/pretty v0.2.1/go.mod h1:ipq/a2n7PKx3OHsz4KJII5eveXtPO4qwEXGdVfWzfnI=
github.com/kr/pretty v0.3.0 h1:WgNl7dwNpEZ6jJ9k1snq4pZsg7DOEN8hP9Xw0Tsjwk0=
github.com/kr/pretty v0.3.0/go.mod h1:640gp4NfQd8pI5XOwp5fnNeVWj67G7CFk/SaSQn7NBk=
github.com/kr/pty v1.1.1/go.mod h1:pFQYn66WHrOpPYNljwOMqo10TkYh1fy3cYio2l3bCsQ=
github.com/kr/text v0.1.0/go.mod h1:4Jbv+DJW3UT/LiOwJeYQe1efqtUx/iVham/4vfdArNI=
github.com/kr/text v0.2.0 h1:5Nx0Ya0ZqY2ygV366QzturHI13Jq95ApcVaJBhpS+AY=
github.com/kr/text v0.2.0/go.mod h1:eLer722TekiGuMkidMxC/pM04lWEeraHUUmBw8l2grE=
github.com/pkg/errors v0.9.1 h1:FEBLx1zS214owpjy7qsBeixbURkuhQAwrK5UwLGTwt4=
github.com/pkg/errors v0.9.1/go.mod h1:bwawxfHBFNV+L2hUp1rHADufV3IMtnDRdf1r5NINEl0=
github.com/pmezard/go-difflib v1.0.0 h1:4DBwDE0NGyQoBHbLQYPwSUPoCMWR5BEzIk/f1lZbAQM=
github.com/pmezard/go-difflib v1.0.0/go.mod h1:iKH77koFhYxTK1pcRnkKkqfTogsbg7gZNVY4sRDYZ/4=
github.com/rogpeppe/go-internal v1.6.1/go.mod h1:xXDCJY+GAPziupqXw64V24skbSoqbTEfhy4qGm1nDQc=
github.com/rogpeppe/go-internal v1.14.1 h1:UQB4HGPB6osV0SQTLymcB4TgvyWu6ZyliaW0tI/otEQ=
github.com/rogpeppe/go-internal v1.14.1/go.mod h1:MaRKkUm5W0goXpeCfT7UZI6fk/L7L7so1lCWt35ZSgc=
github.com/stretchr/objx v0.5.2 h1:xuMeJ0Sdp5ZMRXx/aWO6RZxdr3beISkG5/G/aIRr3pY=
github.com/stretchr/objx v0.5.2/go.mod h1:FRsXN1f5AsAjCGJKqEizvkpNtU+EGNCLh3NxZ/8L+MA=
github.com/stretchr/testify v1.2.2/go.mod h1:a8OnRcib4nhh0OaRAV+Yts87kKdq0PP7pXfy6kDkUVs=
github.com/stretchr/testify v1.10.0 h1:Xv5erBjTwe/5IxqUQTdXv5kgmIvbHo3QQyRwhJsOfJA=
github.com/stretchr/testify v1.10.0/go.mod h1:r2ic/lqez/lEtzL7wO/rwa5dbSLXVDPFyf8C91i36aY=
github.com/tdewolff/minify/v2 v2.24.0 h1:m6j8VXvgUtmkavubzHbaNTXi9tw3hjIMZbdc57SRdvI=
github.com/tdewolff/minify/v2 v2.24.0/go.mod h1:uqtSu3w0+anqk4ofcsuLPZ8tV8yAZL1r/ILWYYl2j3c=
github.com/tdewolff/parse/v2 v2.8.3 h1:5VbvtJ83cfb289A1HzRA9sf02iT8YyUwN84ezjkdY1I=
github.com/tdewolff/parse/v2 v2.8.3/go.mod h1:Hwlni2tiVNKyzR1o6nUs4FOF07URA+JLBLd6dlIXYqo=
github.com/tdewolff/test v1.0.11 h1:FdLbwQVHxqG16SlkGveC0JVyrJN62COWTRyUFzfbtBE=
github.com/tdewolff/test v1.0.11/go.mod h1:XPuWBzvdUzhCuxWO1ojpXsyzsA5bFoS3tO/Q3kFuTG8=
github.com/yetiz-org/goth-base62 v1.1.0 h1:PbAlMlSXcsM34i/ILjrZtNzvC+90vOHVYSoAB3l/oEc=
github.com/yetiz-org/goth-base62 v1.1.0/go.mod h1:ZQ2JR61ySTzysTsqCyxysxHj/VOaYQ3ZoI13kWr6+YU=
github.com/yetiz-org/goth-bytebuf v1.1.0 h1:YHvpr4RT0tqPsQz5c4hIFJ+3x1fTJQREPhtG/X6Gpao=
github.com/yetiz-org/goth-bytebuf v1.1.0/go.mod h1:jRCqQB9z1LjzA7c1Jw6sV7OmMLXgZcfBO19y7VbCEGw=
github.com/yetiz-org/goth-concurrent v1.2.2 h1:25T4uhirQNIImbP4wv1D9q6NFkT+cw+ownvY8XdWvTo=
github.com/yetiz-org/goth-concurrent v1.2.2/go.mod h1:JzlvrOl1DfASyf/OA5CIj7LZmgfTTUlSfkVjLr7YwIc=
github.com/yetiz-org/goth-kkerror v1.0.0 h1:lYaBPBQiDFOToUWgPCnjSYxvy0Nbpq0+tV0DANHbPE0=
github.com/yetiz-org/goth-kkerror v1.0.0/go.mod h1:NvTcdya53QVdHrLUQzojd8VGXVLW8reczCQzbseN6mw=
github.com/yetiz-org/goth-kklogger v1.2.2 h1:g/nTq42PAKalNkRivjrKLCO0t3zffXzxuDbjhaUtAa0=
github.com/yetiz-org/goth-kklogger v1.2.2/go.mod h1:xOJb2U5Aj/JnBjXjgC+Q2eyE/9waFirMkVYYtyg9Gyc=
github.com/yetiz-org/goth-panic v1.1.1 h1:Tdp/1WowlKpILXxozECsKZDF0KypiZ4TMhy3/AJHlEA=
github.com/yetiz-org/goth-panic v1.1.1/go.mod h1:ZxDU7Bnc69jZhSNyGn0g1tif4UlHyU5ga64KZ/pRKmg=
github.com/yetiz-org/goth-util v1.4.0 h1:JAygmLEABjhd2HKJKcWOeohxdKSY83MawPibTKo5Tys=
github.com/yetiz-org/goth-util v1.4.0/go.mod h1:OlFZhAmaSo1oqXeZNECfMu4i3EDaa0wwopAGdqZb1Os=
golang.org/x/text v0.27.0 h1:4fGWRpyh641NLlecmyl4LOe6yDdfaYNrGb2zdfo4JV4=
golang.org/x/text v0.27.0/go.mod h1:1D28KMCvyooCX9hBiosv5Tz/+YLxj0j7XhWjpSUF7CU=
gopkg.in/check.v1 v0.0.0-20161208181325-20d25e280405/go.mod h1:Co6ibVJAznAaIkqp8huTwlJQCZ016jof/cbN4VW5Yz0=
gopkg.in/check.v1 v1.0.0-20180628173108-788fd7840127/go.mod h1:Co6ibVJAznAaIkqp8huTwlJQCZ016jof/cbN4VW5Yz0=
gopkg.in/check.v1 v1.0.0-20201130134442-10cb98267c6c h1:Hei/4ADfdWqJk1ZMxUNpqntNwaWcugrBjAiHlqqRiVk=
gopkg.in/check.v1 v1.0.0-20201130134442-10cb98267c6c/go.mod h1:JHkPIbrfpd72SG/EVd6muEfDQjcINNoR0C8j2r3qZ4Q=
gopkg.in/errgo.v2 v2.1.0/go.mod h1:hNsd1EY+bozCKY1Ytp96fpM3vjJbqLJn88ws8XvfDNI=
gopkg.in/yaml.v3 v3.0.1 h1:fxVm/GzAzEWqLHuvctI91KS9hhNmmWOoWu0XTYJS7CA=
gopkg.in/yaml.v3 v3.0.1/go.mod h1:K4uyk7z7BCEPqu6E+C64Yfv1cQ7kz7rIZviUmN+EgEM=
